<?xml version="1.0" encoding="utf-8"?>
<Project ToolsVersion="4.0" xmlns="http://schemas.microsoft.com/developer/msbuild/2003">
  <ItemGroup>
    <Filter Include="Source Files">
      <UniqueIdentifier>{4FC737F1-C7A5-4376-A066-2A32D752A2FF}</UniqueIdentifier>
      <Extensions>cpp;c;cc;cxx;c++;cppm;ixx;def;odl;idl;hpj;bat;asm;asmx</Extensions>
    </Filter>
    <Filter Include="Header Files">
      <UniqueIdentifier>{93995380-89BD-4b04-88EB-625FBE52EBFB}</UniqueIdentifier>
      <Extensions>h;hh;hpp;hxx;h++;hm;inl;inc;ipp;xsd</Extensions>
    </Filter>
    <Filter Include="Resource Files">
      <UniqueIdentifier>{67DA6AB6-F800-4c08-8B7A-83BB121AAD01}</UniqueIdentifier>
      <Extensions>rc;ico;cur;bmp;dlg;rc2;rct;bin;rgs;gif;jpg;jpeg;jpe;resx;tiff;tif;png;wav;mfcribbon-ms</Extensions>
    </Filter>
  </ItemGroup>
  <ItemGroup>
    <ClInclude Include="src\chipers\morse\morse.h">
      <Filter>Header Files</Filter>
    </ClInclude>
    <ClInclude Include="src\chipers\gronsfeld\gronsfeld.h">
      <Filter>Header Files</Filter>
    </ClInclude>
    <ClInclude Include="src\chipers\caesar\caesar.h">
      <Filter>Header Files</Filter>
    </ClInclude>
    <ClInclude Include="src\chipers\atbash\atbash.h">
      <Filter>Header Files</Filter>
    </ClInclude>
    <ClInclude Include="src\bool.h">
      <Filter>Header Files</Filter>
    </ClInclude>
    <ClInclude Include="src\mode-settings.h">
      <Filter>Header Files</Filter>
    </ClInclude>
    <ClInclude Include="src\client\message-handler.h">
      <Filter>Header Files</Filter>
    </ClInclude>
    <ClInclude Include="src\client\gui\main-window.h">
      <Filter>Header Files</Filter>
    </ClInclude>
    <ClInclude Include="src\client\gui\window-controls.h">
      <Filter>Header Files</Filter>
    </ClInclude>
    <ClInclude Include="src\key\key.h">
      <Filter>Header Files</Filter>
    </ClInclude>
    <ClInclude Include="src\language\language.h">
      <Filter>Header Files</Filter>
    </ClInclude>
    <ClInclude Include="src\resource\resource.h">
      <Filter>Header Files</Filter>
    </ClInclude>
    <ClInclude Include="src\chipers\railfence\railfence.h">
      <Filter>Header Files</Filter>
    </ClInclude>
  </ItemGroup>
  <ItemGroup>
    <ClCompile Include="src\chipers\morse\morse.c">
      <Filter>Source Files</Filter>
    </ClCompile>
    <ClCompile Include="src\chipers\gronsfeld\gronsfeld.c">
      <Filter>Source Files</Filter>
    </ClCompile>
    <ClCompile Include="src\chipers\caesar\caesar.c">
      <Filter>Source Files</Filter>
    </ClCompile>
    <ClCompile Include="src\chipers\atbash\atbash.c">
      <Filter>Source Files</Filter>
    </ClCompile>
    <ClCompile Include="src\main.c">
      <Filter>Source Files</Filter>
    </ClCompile>
    <ClCompile Include="src\client\message-handler.c">
      <Filter>Source Files</Filter>
    </ClCompile>
    <ClCompile Include="src\client\gui\main-window.c">
      <Filter>Source Files</Filter>
    </ClCompile>
    <ClCompile Include="src\client\gui\window-controls.c">
      <Filter>Source Files</Filter>
    </ClCompile>
    <ClCompile Include="src\key\key.c">
      <Filter>Source Files</Filter>
    </ClCompile>
    <ClCompile Include="src\language\language.c">
      <Filter>Source Files</Filter>
    </ClCompile>
    <ClCompile Include="src\chipers\railfence\railfence.c">
      <Filter>Source Files</Filter>
    </ClCompile>
  </ItemGroup>
  <ItemGroup>
    <Media Include="dash.wav">
      <Filter>Resource Files</Filter>
    </Media>
    <Media Include="dot.wav">
      <Filter>Resource Files</Filter>
    </Media>
  </ItemGroup>
  <ItemGroup>
    <Text Include="x64\Debug\Encoder-Decoder.log" />
  </ItemGroup>
  <ItemGroup>
    <None Include="x64\Debug\vc143.idb" />
    <None Include="x64\Debug\vc143.pdb" />
    <None Include="x64\Debug\Encoder-Decoder.tlog\CL.command.1.tlog" />
    <None Include="x64\Debug\Encoder-Decoder.tlog\Encoder-Decoder.lastbuildstate" />
    <None Include="x64\Debug\Encoder-Decoder.tlog\unsuccessfulbuild" />
    <None Include="x64\Debug\Encoder-Decoder.tlog\link.command.1.tlog" />
    <None Include="x64\Debug\Encoder-Decoder.tlog\link.read.1.tlog" />
    <None Include="x64\Debug\Encoder-Decoder.tlog\link.read.2.tlog" />
    <None Include="x64\Debug\Encoder-Decoder.tlog\link.write.1.tlog" />
    <None Include="x64\Debug\Encoder-Decoder.tlog\link-cvtres.read.1.tlog" />
    <None Include="x64\Debug\Encoder-Decoder.tlog\link-cvtres.write.1.tlog" />
    <None Include="x64\Debug\Encoder-Decoder.tlog\link-rc.read.1.tlog" />
    <None Include="x64\Debug\Encoder-Decoder.tlog\link-rc.write.1.tlog" />
    <None Include="x64\Debug\Encoder-Decoder.tlog\CL.read.1.tlog" />
    <None Include="x64\Debug\Encoder-Decoder.tlog\CL.write.1.tlog" />
  </ItemGroup>
  <ItemGroup>
    <Object Include="x64\Debug\key.obj" />
    <Object Include="x64\Debug\gronsfeld.obj" />
    <Object Include="x64\Debug\caesar.obj" />
    <Object Include="x64\Debug\atbash.obj" />
    <Object Include="x64\Debug\language.obj" />
    <Object Include="x64\Debug\main.obj" />
    <Object Include="x64\Debug\main-window.obj" />
    <Object Include="x64\Debug\message-handler.obj" />
    <Object Include="x64\Debug\morse.obj" />
    <Object Include="x64\Debug\window-controls.obj" />
  </ItemGroup>
</Project>